// !$*UTF8*$!
{
	archiveVersion = 1;
	classes = {
	};
	objectVersion = 55;
	objects = {

/* Begin PBXBuildFile section */
		0FF14EB9288347B4000A40B6 /* TesttApp.swift in Sources */ = {isa = PBXBuildFile; fileRef = 0FF14EB8288347B4000A40B6 /* TesttApp.swift */; };
		0FF14EBB288347B4000A40B6 /* ContentView.swift in Sources */ = {isa = PBXBuildFile; fileRef = 0FF14EBA288347B4000A40B6 /* ContentView.swift */; };
		0FF14EBD288347B7000A40B6 /* Assets.xcassets in Resources */ = {isa = PBXBuildFile; fileRef = 0FF14EBC288347B7000A40B6 /* Assets.xcassets */; };
		0FF14EC0288347B7000A40B6 /* Preview Assets.xcassets in Resources */ = {isa = PBXBuildFile; fileRef = 0FF14EBF288347B7000A40B6 /* Preview Assets.xcassets */; };
		0FF14ECA288347B7000A40B6 /* TesttTests.swift in Sources */ = {isa = PBXBuildFile; fileRef = 0FF14EC9288347B7000A40B6 /* TesttTests.swift */; };
		0FF14ED4288347B7000A40B6 /* TesttUITests.swift in Sources */ = {isa = PBXBuildFile; fileRef = 0FF14ED3288347B7000A40B6 /* TesttUITests.swift */; };
		0FF14ED6288347B7000A40B6 /* TesttUITestsLaunchTests.swift in Sources */ = {isa = PBXBuildFile; fileRef = 0FF14ED5288347B7000A40B6 /* TesttUITestsLaunchTests.swift */; };
/* End PBXBuildFile section */

/* Begin PBXContainerItemProxy section */
		0FF14EC6288347B7000A40B6 /* PBXContainerItemProxy */ = {
			isa = PBXContainerItemProxy;
			containerPortal = 0FF14EAD288347B4000A40B6 /* Project object */;
			proxyType = 1;
			remoteGlobalIDString = 0FF14EB4288347B4000A40B6;
			remoteInfo = Testt;
		};
		0FF14ED0288347B7000A40B6 /* PBXContainerItemProxy */ = {
			isa = PBXContainerItemProxy;
			containerPortal = 0FF14EAD288347B4000A40B6 /* Project object */;
			proxyType = 1;
			remoteGlobalIDString = 0FF14EB4288347B4000A40B6;
			remoteInfo = Testt;
		};
/* End PBXContainerItemProxy section */

/* Begin PBXFileReference section */
		0FF14EB5288347B4000A40B6 /* Testt.app */ = {isa = PBXFileReference; explicitFileType = wrapper.application; includeInIndex = 0; path = Testt.app; sourceTree = BUILT_PRODUCTS_DIR; };
		0FF14EB8288347B4000A40B6 /* TesttApp.swift */ = {isa = PBXFileReference; lastKnownFileType = sourcecode.swift; path = TesttApp.swift; sourceTree = "<group>"; };
		0FF14EBA288347B4000A40B6 /* ContentView.swift */ = {isa = PBXFileReference; lastKnownFileType = sourcecode.swift; path = ContentView.swift; sourceTree = "<group>"; };
		0FF14EBC288347B7000A40B6 /* Assets.xcassets */ = {isa = PBXFileReference; lastKnownFileType = folder.assetcatalog; path = Assets.xcassets; sourceTree = "<group>"; };
		0FF14EBF288347B7000A40B6 /* Preview Assets.xcassets */ = {isa = PBXFileReference; lastKnownFileType = folder.assetcatalog; path = "Preview Assets.xcassets"; sourceTree = "<group>"; };
		0FF14EC5288347B7000A40B6 /* TesttTests.xctest */ = {isa = PBXFileReference; explicitFileType = wrapper.cfbundle; includeInIndex = 0; path = TesttTests.xctest; sourceTree = BUILT_PRODUCTS_DIR; };
		0FF14EC9288347B7000A40B6 /* TesttTests.swift */ = {isa = PBXFileReference; lastKnownFileType = sourcecode.swift; path = TesttTests.swift; sourceTree = "<group>"; };
		0FF14ECF288347B7000A40B6 /* TesttUITests.xctest */ = {isa = PBXFileReference; explicitFileType = wrapper.cfbundle; includeInIndex = 0; path = TesttUITests.xctest; sourceTree = BUILT_PRODUCTS_DIR; };
		0FF14ED3288347B7000A40B6 /* TesttUITests.swift */ = {isa = PBXFileReference; lastKnownFileType = sourcecode.swift; path = TesttUITests.swift; sourceTree = "<group>"; };
		0FF14ED5288347B7000A40B6 /* TesttUITestsLaunchTests.swift */ = {isa = PBXFileReference; lastKnownFileType = sourcecode.swift; path = TesttUITestsLaunchTests.swift; sourceTree = "<group>"; };
/* End PBXFileReference section */

/* Begin PBXFrameworksBuildPhase section */
		0FF14EB2288347B4000A40B6 /* Frameworks */ = {
			isa = PBXFrameworksBuildPhase;
			buildActionMask = 2147483647;
			files = (
			);
			runOnlyForDeploymentPostprocessing = 0;
		};
		0FF14EC2288347B7000A40B6 /* Frameworks */ = {
			isa = PBXFrameworksBuildPhase;
			buildActionMask = 2147483647;
			files = (
			);
			runOnlyForDeploymentPostprocessing = 0;
		};
		0FF14ECC288347B7000A40B6 /* Frameworks */ = {
			isa = PBXFrameworksBuildPhase;
			buildActionMask = 2147483647;
			files = (
			);
			runOnlyForDeploymentPostprocessing = 0;
		};
/* End PBXFrameworksBuildPhase section */

/* Begin PBXGroup section */
		0FF14EAC288347B4000A40B6 = {
			isa = PBXGroup;
			children = (
				0FF14EB7288347B4000A40B6 /* Testt */,
				0FF14EC8288347B7000A40B6 /* TesttTests */,
				0FF14ED2288347B7000A40B6 /* TesttUITests */,
				0FF14EB6288347B4000A40B6 /* Products */,
			);
			sourceTree = "<group>";
		};
		0FF14EB6288347B4000A40B6 /* Products */ = {
			isa = PBXGroup;
			children = (
				0FF14EB5288347B4000A40B6 /* Testt.app */,
				0FF14EC5288347B7000A40B6 /* TesttTests.xctest */,
				0FF14ECF288347B7000A40B6 /* TesttUITests.xctest */,
			);
			name = Products;
			sourceTree = "<group>";
		};
		0FF14EB7288347B4000A40B6 /* Testt */ = {
			isa = PBXGroup;
			children = (
				0FF14EB8288347B4000A40B6 /* TesttApp.swift */,
				0FF14EBA288347B4000A40B6 /* ContentView.swift */,
				0FF14EBC288347B7000A40B6 /* Assets.xcassets */,
				0FF14EBE288347B7000A40B6 /* Preview Content */,
			);
			path = Testt;
			sourceTree = "<group>";
		};
		0FF14EBE288347B7000A40B6 /* Preview Content */ = {
			isa = PBXGroup;
			children = (
				0FF14EBF288347B7000A40B6 /* Preview Assets.xcassets */,
			);
			path = "Preview Content";
			sourceTree = "<group>";
		};
		0FF14EC8288347B7000A40B6 /* TesttTests */ = {
			isa = PBXGroup;
			children = (
				0FF14EC9288347B7000A40B6 /* TesttTests.swift */,
			);
			path = TesttTests;
			sourceTree = "<group>";
		};
		0FF14ED2288347B7000A40B6 /* TesttUITests */ = {
			isa = PBXGroup;
			children = (
				0FF14ED3288347B7000A40B6 /* TesttUITests.swift */,
				0FF14ED5288347B7000A40B6 /* TesttUITestsLaunchTests.swift */,
			);
			path = TesttUITests;
			sourceTree = "<group>";
		};
/* End PBXGroup section */

/* Begin PBXNativeTarget section */
		0FF14EB4288347B4000A40B6 /* Testt */ = {
			isa = PBXNativeTarget;
			buildConfigurationList = 0FF14ED9288347B7000A40B6 /* Build configuration list for PBXNativeTarget "Testt" */;
			buildPhases = (
				0FF14EB1288347B4000A40B6 /* Sources */,
				0FF14EB2288347B4000A40B6 /* Frameworks */,
				0FF14EB3288347B4000A40B6 /* Resources */,
			);
			buildRules = (
			);
			dependencies = (
			);
			name = Testt;
			productName = Testt;
			productReference = 0FF14EB5288347B4000A40B6 /* Testt.app */;
			productType = "com.apple.product-type.application";
		};
		0FF14EC4288347B7000A40B6 /* TesttTests */ = {
			isa = PBXNativeTarget;
			buildConfigurationList = 0FF14EDC288347B7000A40B6 /* Build configuration list for PBXNativeTarget "TesttTests" */;
			buildPhases = (
				0FF14EC1288347B7000A40B6 /* Sources */,
				0FF14EC2288347B7000A40B6 /* Frameworks */,
				0FF14EC3288347B7000A40B6 /* Resources */,
			);
			buildRules = (
			);
			dependencies = (
				0FF14EC7288347B7000A40B6 /* PBXTargetDependency */,
			);
			name = TesttTests;
			productName = TesttTests;
			productReference = 0FF14EC5288347B7000A40B6 /* TesttTests.xctest */;
			productType = "com.apple.product-type.bundle.unit-test";
		};
		0FF14ECE288347B7000A40B6 /* TesttUITests */ = {
			isa = PBXNativeTarget;
			buildConfigurationList = 0FF14EDF288347B7000A40B6 /* Build configuration list for PBXNativeTarget "TesttUITests" */;
			buildPhases = (
				0FF14ECB288347B7000A40B6 /* Sources */,
				0FF14ECC288347B7000A40B6 /* Frameworks */,
				0FF14ECD288347B7000A40B6 /* Resources */,
			);
			buildRules = (
			);
			dependencies = (
				0FF14ED1288347B7000A40B6 /* PBXTargetDependency */,
			);
			name = TesttUITests;
			productName = TesttUITests;
			productReference = 0FF14ECF288347B7000A40B6 /* TesttUITests.xctest */;
			productType = "com.apple.product-type.bundle.ui-testing";
		};
/* End PBXNativeTarget section */

/* Begin PBXProject section */
		0FF14EAD288347B4000A40B6 /* Project object */ = {
			isa = PBXProject;
			attributes = {
				BuildIndependentTargetsInParallel = 1;
				LastSwiftUpdateCheck = 1340;
				LastUpgradeCheck = 1340;
				TargetAttributes = {
					0FF14EB4288347B4000A40B6 = {
						CreatedOnToolsVersion = 13.4.1;
					};
					0FF14EC4288347B7000A40B6 = {
						CreatedOnToolsVersion = 13.4.1;
						TestTargetID = 0FF14EB4288347B4000A40B6;
					};
					0FF14ECE288347B7000A40B6 = {
						CreatedOnToolsVersion = 13.4.1;
						TestTargetID = 0FF14EB4288347B4000A40B6;
					};
				};
			};
			buildConfigurationList = 0FF14EB0288347B4000A40B6 /* Build configuration list for PBXProject "Testt" */;
			compatibilityVersion = "Xcode 13.0";
			developmentRegion = en;
			hasScannedForEncodings = 0;
			knownRegions = (
				en,
				Base,
			);
			mainGroup = 0FF14EAC288347B4000A40B6;
			productRefGroup = 0FF14EB6288347B4000A40B6 /* Products */;
			projectDirPath = "";
			projectRoot = "";
			targets = (
				0FF14EB4288347B4000A40B6 /* Testt */,
				0FF14EC4288347B7000A40B6 /* TesttTests */,
				0FF14ECE288347B7000A40B6 /* TesttUITests */,
			);
		};
/* End PBXProject section */

/* Begin PBXResourcesBuildPhase section */
		0FF14EB3288347B4000A40B6 /* Resources */ = {
			isa = PBXResourcesBuildPhase;
			buildActionMask = 2147483647;
			files = (
				0FF14EC0288347B7000A40B6 /* Preview Assets.xcassets in Resources */,
				0FF14EBD288347B7000A40B6 /* Assets.xcassets in Resources */,
			);
			runOnlyForDeploymentPostprocessing = 0;
		};
		0FF14EC3288347B7000A40B6 /* Resources */ = {
			isa = PBXResourcesBuildPhase;
			buildActionMask = 2147483647;
			files = (
			);
			runOnlyForDeploymentPostprocessing = 0;
		};
		0FF14ECD288347B7000A40B6 /* Resources */ = {
			isa = PBXResourcesBuildPhase;
			buildActionMask = 2147483647;
			files = (
			);
			runOnlyForDeploymentPostprocessing = 0;
		};
/* End PBXResourcesBuildPhase section */

/* Begin PBXSourcesBuildPhase section */
		0FF14EB1288347B4000A40B6 /* Sources */ = {
			isa = PBXSourcesBuildPhase;
			buildActionMask = 2147483647;
			files = (
				0FF14EBB288347B4000A40B6 /* ContentView.swift in Sources */,
				0FF14EB9288347B4000A40B6 /* TesttApp.swift in Sources */,
			);
			runOnlyForDeploymentPostprocessing = 0;
		};
		0FF14EC1288347B7000A40B6 /* Sources */ = {
			isa = PBXSourcesBuildPhase;
			buildActionMask = 2147483647;
			files = (
				0FF14ECA288347B7000A40B6 /* TesttTests.swift in Sources */,
			);
			runOnlyForDeploymentPostprocessing = 0;
		};
		0FF14ECB288347B7000A40B6 /* Sources */ = {
			isa = PBXSourcesBuildPhase;
			buildActionMask = 2147483647;
			files = (
				0FF14ED4288347B7000A40B6 /* TesttUITests.swift in Sources */,
				0FF14ED6288347B7000A40B6 /* TesttUITestsLaunchTests.swift in Sources */,
			);
			runOnlyForDeploymentPostprocessing = 0;
		};
/* End PBXSourcesBuildPhase section */

/* Begin PBXTargetDependency section */
		0FF14EC7288347B7000A40B6 /* PBXTargetDependency */ = {
			isa = PBXTargetDependency;
			target = 0FF14EB4288347B4000A40B6 /* Testt */;
			targetProxy = 0FF14EC6288347B7000A40B6 /* PBXContainerItemProxy */;
		};
		0FF14ED1288347B7000A40B6 /* PBXTargetDependency */ = {
			isa = PBXTargetDependency;
			target = 0FF14EB4288347B4000A40B6 /* Testt */;
			targetProxy = 0FF14ED0288347B7000A40B6 /* PBXContainerItemProxy */;
		};
/* End PBXTargetDependency section */

/* Begin XCBuildConfiguration section */
		0FF14ED7288347B7000A40B6 /* Debug */ = {
			isa = XCBuildConfiguration;
			buildSettings = {
				ALWAYS_SEARCH_USER_PATHS = NO;
				CLANG_ANALYZER_NONNULL = YES;
				CLANG_ANALYZER_NUMBER_OBJECT_CONVERSION = YES_AGGRESSIVE;
				CLANG_CXX_LANGUAGE_STANDARD = "gnu++17";
				CLANG_ENABLE_MODULES = YES;
				CLANG_ENABLE_OBJC_ARC = YES;
				CLANG_ENABLE_OBJC_WEAK = YES;
				CLANG_WARN_BLOCK_CAPTURE_AUTORELEASING = YES;
				CLANG_WARN_BOOL_CONVERSION = YES;
				CLANG_WARN_COMMA = YES;
				CLANG_WARN_CONSTANT_CONVERSION = YES;
				CLANG_WARN_DEPRECATED_OBJC_IMPLEMENTATIONS = YES;
				CLANG_WARN_DIRECT_OBJC_ISA_USAGE = YES_ERROR;
				CLANG_WARN_DOCUMENTATION_COMMENTS = YES;
				CLANG_WARN_EMPTY_BODY = YES;
				CLANG_WARN_ENUM_CONVERSION = YES;
				CLANG_WARN_INFINITE_RECURSION = YES;
				CLANG_WARN_INT_CONVERSION = YES;
				CLANG_WARN_NON_LITERAL_NULL_CONVERSION = YES;
				CLANG_WARN_OBJC_IMPLICIT_RETAIN_SELF = YES;
				CLANG_WARN_OBJC_LITERAL_CONVERSION = YES;
				CLANG_WARN_OBJC_ROOT_CLASS = YES_ERROR;
				CLANG_WARN_QUOTED_INCLUDE_IN_FRAMEWORK_HEADER = YES;
				CLANG_WARN_RANGE_LOOP_ANALYSIS = YES;
				CLANG_WARN_STRICT_PROTOTYPES = YES;
				CLANG_WARN_SUSPICIOUS_MOVE = YES;
				CLANG_WARN_UNGUARDED_AVAILABILITY = YES_AGGRESSIVE;
				CLANG_WARN_UNREACHABLE_CODE = YES;
				CLANG_WARN__DUPLICATE_METHOD_MATCH = YES;
				COPY_PHASE_STRIP = NO;
				DEBUG_INFORMATION_FORMAT = dwarf;
				ENABLE_STRICT_OBJC_MSGSEND = YES;
				ENABLE_TESTABILITY = YES;
				GCC_C_LANGUAGE_STANDARD = gnu11;
				GCC_DYNAMIC_NO_PIC = NO;
				GCC_NO_COMMON_BLOCKS = YES;
				GCC_OPTIMIZATION_LEVEL = 0;
				GCC_PREPROCESSOR_DEFINITIONS = (
					"DEBUG=1",
					"$(inherited)",
				);
				GCC_WARN_64_TO_32_BIT_CONVERSION = YES;
				GCC_WARN_ABOUT_RETURN_TYPE = YES_ERROR;
				GCC_WARN_UNDECLARED_SELECTOR = YES;
				GCC_WARN_UNINITIALIZED_AUTOS = YES_AGGRESSIVE;
				GCC_WARN_UNUSED_FUNCTION = YES;
				GCC_WARN_UNUSED_VARIABLE = YES;
				IPHONEOS_DEPLOYMENT_TARGET = 15.5;
				MTL_ENABLE_DEBUG_INFO = INCLUDE_SOURCE;
				MTL_FAST_MATH = YES;
				ONLY_ACTIVE_ARCH = YES;
				SDKROOT = iphoneos;
				SWIFT_ACTIVE_COMPILATION_CONDITIONS = DEBUG;
				SWIFT_OPTIMIZATION_LEVEL = "-Onone";
			};
			name = Debug;
		};
		0FF14ED8288347B7000A40B6 /* Release */ = {
			isa = XCBuildConfiguration;
			buildSettings = {
				ALWAYS_SEARCH_USER_PATHS = NO;
				CLANG_ANALYZER_NONNULL = YES;
				CLANG_ANALYZER_NUMBER_OBJECT_CONVERSION = YES_AGGRESSIVE;
				CLANG_CXX_LANGUAGE_STANDARD = "gnu++17";
				CLANG_ENABLE_MODULES = YES;
				CLANG_ENABLE_OBJC_ARC = YES;
				CLANG_ENABLE_OBJC_WEAK = YES;
				CLANG_WARN_BLOCK_CAPTURE_AUTORELEASING = YES;
				CLANG_WARN_BOOL_CONVERSION = YES;
				CLANG_WARN_COMMA = YES;
				CLANG_WARN_CONSTANT_CONVERSION = YES;
				CLANG_WARN_DEPRECATED_OBJC_IMPLEMENTATIONS = YES;
				CLANG_WARN_DIRECT_OBJC_ISA_USAGE = YES_ERROR;
				CLANG_WARN_DOCUMENTATION_COMMENTS = YES;
				CLANG_WARN_EMPTY_BODY = YES;
				CLANG_WARN_ENUM_CONVERSION = YES;
				CLANG_WARN_INFINITE_RECURSION = YES;
				CLANG_WARN_INT_CONVERSION = YES;
				CLANG_WARN_NON_LITERAL_NULL_CONVERSION = YES;
				CLANG_WARN_OBJC_IMPLICIT_RETAIN_SELF = YES;
				CLANG_WARN_OBJC_LITERAL_CONVERSION = YES;
				CLANG_WARN_OBJC_ROOT_CLASS = YES_ERROR;
				CLANG_WARN_QUOTED_INCLUDE_IN_FRAMEWORK_HEADER = YES;
				CLANG_WARN_RANGE_LOOP_ANALYSIS = YES;
				CLANG_WARN_STRICT_PROTOTYPES = YES;
				CLANG_WARN_SUSPICIOUS_MOVE = YES;
				CLANG_WARN_UNGUARDED_AVAILABILITY = YES_AGGRESSIVE;
				CLANG_WARN_UNREACHABLE_CODE = YES;
				CLANG_WARN__DUPLICATE_METHOD_MATCH = YES;
				COPY_PHASE_STRIP = NO;
				DEBUG_INFORMATION_FORMAT = "dwarf-with-dsym";
				ENABLE_NS_ASSERTIONS = NO;
				ENABLE_STRICT_OBJC_MSGSEND = YES;
				GCC_C_LANGUAGE_STANDARD = gnu11;
				GCC_NO_COMMON_BLOCKS = YES;
				GCC_WARN_64_TO_32_BIT_CONVERSION = YES;
				GCC_WARN_ABOUT_RETURN_TYPE = YES_ERROR;
				GCC_WARN_UNDECLARED_SELECTOR = YES;
				GCC_WARN_UNINITIALIZED_AUTOS = YES_AGGRESSIVE;
				GCC_WARN_UNUSED_FUNCTION = YES;
				GCC_WARN_UNUSED_VARIABLE = YES;
				IPHONEOS_DEPLOYMENT_TARGET = 15.5;
				MTL_ENABLE_DEBUG_INFO = NO;
				MTL_FAST_MATH = YES;
				SDKROOT = iphoneos;
				SWIFT_COMPILATION_MODE = wholemodule;
				SWIFT_OPTIMIZATION_LEVEL = "-O";
				VALIDATE_PRODUCT = YES;
			};
			name = Release;
		};
		0FF14EDA288347B7000A40B6 /* Debug */ = {
			isa = XCBuildConfiguration;
			buildSettings = {
				ASSETCATALOG_COMPILER_APPICON_NAME = AppIcon;
				ASSETCATALOG_COMPILER_GLOBAL_ACCENT_COLOR_NAME = AccentColor;
				CODE_SIGN_STYLE = Automatic;
				CURRENT_PROJECT_VERSION = 1;
				DEVELOPMENT_ASSET_PATHS = "\"Testt/Preview Content\"";
				DEVELOPMENT_TEAM = 8Z6U63HDB4;
				ENABLE_PREVIEWS = YES;
				GENERATE_INFOPLIST_FILE = YES;
				INFOPLIST_KEY_UIApplicationSceneManifest_Generation = YES;
				INFOPLIST_KEY_UIApplicationSupportsIndirectInputEvents = YES;
				INFOPLIST_KEY_UILaunchScreen_Generation = YES;
				INFOPLIST_KEY_UISupportedInterfaceOrientations_iPad = "UIInterfaceOrientationPortrait UIInterfaceOrientationPortraitUpsideDown UIInterfaceOrientationLandscapeLeft UIInterfaceOrientationLandscapeRight";
				INFOPLIST_KEY_UISupportedInterfaceOrientations_iPhone = "UIInterfaceOrientationPortrait UIInterfaceOrientationLandscapeLeft UIInterfaceOrientationLandscapeRight";
				LD_RUNPATH_SEARCH_PATHS = (
					"$(inherited)",
					"@executable_path/Frameworks",
				);
				MARKETING_VERSION = 1.0;
				PRODUCT_BUNDLE_IDENTIFIER = com.tiago.Testt.Testt;
				PRODUCT_NAME = "$(TARGET_NAME)";
				SWIFT_EMIT_LOC_STRINGS = YES;
				SWIFT_VERSION = 5.0;
				TARGETED_DEVICE_FAMILY = "1,2";
			};
			name = Debug;
		};
		0FF14EDB288347B7000A40B6 /* Release */ = {
			isa = XCBuildConfiguration;
			buildSettings = {
				ASSETCATALOG_COMPILER_APPICON_NAME = AppIcon;
				ASSETCATALOG_COMPILER_GLOBAL_ACCENT_COLOR_NAME = AccentColor;
				CODE_SIGN_STYLE = Automatic;
				CURRENT_PROJECT_VERSION = 1;
				DEVELOPMENT_ASSET_PATHS = "\"Testt/Preview Content\"";
				DEVELOPMENT_TEAM = 8Z6U63HDB4;
				ENABLE_PREVIEWS = YES;
				GENERATE_INFOPLIST_FILE = YES;
				INFOPLIST_KEY_UIApplicationSceneManifest_Generation = YES;
				INFOPLIST_KEY_UIApplicationSupportsIndirectInputEvents = YES;
				INFOPLIST_KEY_UILaunchScreen_Generation = YES;
				INFOPLIST_KEY_UISupportedInterfaceOrientations_iPad = "UIInterfaceOrientationPortrait UIInterfaceOrientationPortraitUpsideDown UIInterfaceOrientationLandscapeLeft UIInterfaceOrientationLandscapeRight";
				INFOPLIST_KEY_UISupportedInterfaceOrientations_iPhone = "UIInterfaceOrientationPortrait UIInterfaceOrientationLandscapeLeft UIInterfaceOrientationLandscapeRight";
				LD_RUNPATH_SEARCH_PATHS = (
					"$(inherited)",
					"@executable_path/Frameworks",
				);
				MARKETING_VERSION = 1.0;
				PRODUCT_BUNDLE_IDENTIFIER = com.tiago.Testt.Testt;
				PRODUCT_NAME = "$(TARGET_NAME)";
				SWIFT_EMIT_LOC_STRINGS = YES;
				SWIFT_VERSION = 5.0;
				TARGETED_DEVICE_FAMILY = "1,2";
			};
			name = Release;
		};
		0FF14EDD288347B7000A40B6 /* Debug */ = {
			isa = XCBuildConfiguration;
			buildSettings = {
				ALWAYS_EMBED_SWIFT_STANDARD_LIBRARIES = YES;
				BUNDLE_LOADER = "$(TEST_HOST)";
				CODE_SIGN_STYLE = Automatic;
				CURRENT_PROJECT_VERSION = 1;
				DEVELOPMENT_TEAM = 8Z6U63HDB4;
				GENERATE_INFOPLIST_FILE = YES;
				IPHONEOS_DEPLOYMENT_TARGET = 15.5;
				MARKETING_VERSION = 1.0;
				PRODUCT_BUNDLE_IDENTIFIER = com.tiago.Testt.TesttTests;
				PRODUCT_NAME = "$(TARGET_NAME)";
				SWIFT_EMIT_LOC_STRINGS = NO;
				SWIFT_VERSION = 5.0;
				TARGETED_DEVICE_FAMILY = "1,2";
				TEST_HOST = "$(BUILT_PRODUCTS_DIR)/Testt.app/Testt";
			};
			name = Debug;
		};
		0FF14EDE288347B7000A40B6 /* Release */ = {
			isa = XCBuildConfiguration;
			buildSettings = {
				ALWAYS_EMBED_SWIFT_STANDARD_LIBRARIES = YES;
				BUNDLE_LOADER = "$(TEST_HOST)";
				CODE_SIGN_STYLE = Automatic;
				CURRENT_PROJECT_VERSION = 1;
				DEVELOPMENT_TEAM = 8Z6U63HDB4;
				GENERATE_INFOPLIST_FILE = YES;
				IPHONEOS_DEPLOYMENT_TARGET = 15.5;
				MARKETING_VERSION = 1.0;
				PRODUCT_BUNDLE_IDENTIFIER = com.tiago.Testt.TesttTests;
				PRODUCT_NAME = "$(TARGET_NAME)";
				SWIFT_EMIT_LOC_STRINGS = NO;
				SWIFT_VERSION = 5.0;
				TARGETED_DEVICE_FAMILY = "1,2";
				TEST_HOST = "$(BUILT_PRODUCTS_DIR)/Testt.app/Testt";
			};
			name = Release;
		};
		0FF14EE0288347B7000A40B6 /* Debug */ = {
			isa = XCBuildConfiguration;
			buildSettings = {
				ALWAYS_EMBED_SWIFT_STANDARD_LIBRARIES = YES;
				CODE_SIGN_STYLE = Automatic;
				CURRENT_PROJECT_VERSION = 1;
				DEVELOPMENT_TEAM = 8Z6U63HDB4;
				GENERATE_INFOPLIST_FILE = YES;
				MARKETING_VERSION = 1.0;
				PRODUCT_BUNDLE_IDENTIFIER = com.tiago.Testt.TesttUITests;
				PRODUCT_NAME = "$(TARGET_NAME)";
				SWIFT_EMIT_LOC_STRINGS = NO;
				SWIFT_VERSION = 5.0;
				TARGETED_DEVICE_FAMILY = "1,2";
				TEST_TARGET_NAME = Testt;
			};
			name = Debug;
		};
		0FF14EE1288347B7000A40B6 /* Release */ = {
			isa = XCBuildConfiguration;
			buildSettings = {
				ALWAYS_EMBED_SWIFT_STANDARD_LIBRARIES = YES;
				CODE_SIGN_STYLE = Automatic;
				CURRENT_PROJECT_VERSION = 1;
				DEVELOPMENT_TEAM = 8Z6U63HDB4;
				GENERATE_INFOPLIST_FILE = YES;
				MARKETING_VERSION = 1.0;
				PRODUCT_BUNDLE_IDENTIFIER = com.tiago.Testt.TesttUITests;
				PRODUCT_NAME = "$(TARGET_NAME)";
				SWIFT_EMIT_LOC_STRINGS = NO;
				SWIFT_VERSION = 5.0;
				TARGETED_DEVICE_FAMILY = "1,2";
				TEST_TARGET_NAME = Testt;
			};
			name = Release;
		};
/* End XCBuildConfiguration section */

/* Begin XCConfigurationList section */
		0FF14EB0288347B4000A40B6 /* Build configuration list for PBXProject "Testt" */ = {
			isa = XCConfigurationList;
			buildConfigurations = (
				0FF14ED7288347B7000A40B6 /* Debug */,
				0FF14ED8288347B7000A40B6 /* Release */,
			);
			defaultConfigurationIsVisible = 0;
			defaultConfigurationName = Release;
		};
		0FF14ED9288347B7000A40B6 /* Build configuration list for PBXNativeTarget "Testt" */ = {
			isa = XCConfigurationList;
			buildConfigurations = (
				0FF14EDA288347B7000A40B6 /* Debug */,
				0FF14EDB288347B7000A40B6 /* Release */,
			);
			defaultConfigurationIsVisible = 0;
			defaultConfigurationName = Release;
		};
		0FF14EDC288347B7000A40B6 /* Build configuration list for PBXNativeTarget "TesttTests" */ = {
			isa = XCConfigurationList;
			buildConfigurations = (
				0FF14EDD288347B7000A40B6 /* Debug */,
				0FF14EDE288347B7000A40B6 /* Release */,
			);
			defaultConfigurationIsVisible = 0;
			defaultConfigurationName = Release;
		};
		0FF14EDF288347B7000A40B6 /* Build configuration list for PBXNativeTarget "TesttUITests" */ = {
			isa = XCConfigurationList;
			buildConfigurations = (
				0FF14EE0288347B7000A40B6 /* Debug */,
				0FF14EE1288347B7000A40B6 /* Release */,
			);
			defaultConfigurationIsVisible = 0;
			defaultConfigurationName = Release;
		};
/* End XCConfigurationList section */
	};
	rootObject = 0FF14EAD288347B4000A40B6 /* Project object */;
}
